
Microsoft Visual Studio Solution File, Format Version 12.00
# Visual Studio Version 16
VisualStudioVersion = 16.0.28407.52
MinimumVisualStudioVersion = 10.0.40219.1
Project("{FAE04EC0-301F-11D3-BF4B-00C04F79EFBC}") = "BackupManager", "BackupManager\BackupManager.csproj", "{7B42D949-8C4C-416D-A04F-3B255AA8AE21}"
EndProject
Global
	GlobalSection(SolutionConfigurationPlatforms) = preSolution
		Debug|Any CPU = Debug|Any CPU
		Release|Any CPU = Release|Any CPU
	EndGlobalSection
	GlobalSection(ProjectConfigurationPlatforms) = postSolution
		{7B42D949-8C4C-416D-A04F-3B255AA8AE21}.Debug|Any CPU.ActiveCfg = Debug|Any CPU
		{7B42D949-8C4C-416D-A04F-3B255AA8AE21}.Debug|Any CPU.Build.0 = Debug|Any CPU
		{7B42D949-8C4C-416D-A04F-3B255AA8AE21}.Release|Any CPU.ActiveCfg = Release|Any CPU
		{7B42D949-8C4C-416D-A04F-3B255AA8AE21}.Release|Any CPU.Build.0 = Release|Any CPU
	EndGlobalSection
	GlobalSection(SolutionProperties) = preSolution
		HideSolutionNode = FALSE
	EndGlobalSection
	GlobalSection(ExtensibilityGlobals) = postSolution
		SolutionGuid = {8E9BA1D9-6EAE-4EE9-80E6-1E88037331C1}
	EndGlobalSection
EndGlobal
